
Microsoft Visual Studio Solution File, Format Version 12.00
# Visual Studio Version 17
VisualStudioVersion = 17.4.33213.308
MinimumVisualStudioVersion = 10.0.40219.1
Project("{FAE04EC0-301F-11D3-BF4B-00C04F79EFBC}") = "Week2", "Week2\Week2.csproj", "{BB500890-8865-4F72-8B8F-78D09260BA18}"
EndProject
Project("{FAE04EC0-301F-11D3-BF4B-00C04F79EFBC}") = "UserGenderValidation", "User age validation\UserGenderValidation.csproj", "{1902075D-CCCB-437C-8918-B50EA4D62BF9}"
EndProject
Project("{FAE04EC0-301F-11D3-BF4B-00C04F79EFBC}") = "UserAgeValidation", "UserAgeValidation\UserAgeValidation.csproj", "{90392085-8574-480C-A42B-95D179A3A0DA}"
EndProject
Global
	GlobalSection(SolutionConfigurationPlatforms) = preSolution
		Debug|Any CPU = Debug|Any CPU
		Release|Any CPU = Release|Any CPU
	EndGlobalSection
	GlobalSection(ProjectConfigurationPlatforms) = postSolution
		{BB500890-8865-4F72-8B8F-78D09260BA18}.Debug|Any CPU.ActiveCfg = Debug|Any CPU
		{BB500890-8865-4F72-8B8F-78D09260BA18}.Debug|Any CPU.Build.0 = Debug|Any CPU
		{BB500890-8865-4F72-8B8F-78D09260BA18}.Release|Any CPU.ActiveCfg = Release|Any CPU
		{BB500890-8865-4F72-8B8F-78D09260BA18}.Release|Any CPU.Build.0 = Release|Any CPU
		{1902075D-CCCB-437C-8918-B50EA4D62BF9}.Debug|Any CPU.ActiveCfg = Debug|Any CPU
		{1902075D-CCCB-437C-8918-B50EA4D62BF9}.Debug|Any CPU.Build.0 = Debug|Any CPU
		{1902075D-CCCB-437C-8918-B50EA4D62BF9}.Release|Any CPU.ActiveCfg = Release|Any CPU
		{1902075D-CCCB-437C-8918-B50EA4D62BF9}.Release|Any CPU.Build.0 = Release|Any CPU
		{90392085-8574-480C-A42B-95D179A3A0DA}.Debug|Any CPU.ActiveCfg = Debug|Any CPU
		{90392085-8574-480C-A42B-95D179A3A0DA}.Debug|Any CPU.Build.0 = Debug|Any CPU
		{90392085-8574-480C-A42B-95D179A3A0DA}.Release|Any CPU.ActiveCfg = Release|Any CPU
		{90392085-8574-480C-A42B-95D179A3A0DA}.Release|Any CPU.Build.0 = Release|Any CPU
	EndGlobalSection
	GlobalSection(SolutionProperties) = preSolution
		HideSolutionNode = FALSE
	EndGlobalSection
	GlobalSection(ExtensibilityGlobals) = postSolution
		SolutionGuid = {0ED4023E-E472-4456-888F-33E658C40D41}
	EndGlobalSection
EndGlobal
